
Microsoft Visual Studio Solution File, Format Version 12.00
# Visual Studio Version 17
VisualStudioVersion = 17.14.36429.23 d17.14
MinimumVisualStudioVersion = 10.0.40219.1
Project("{FAE04EC0-301F-11D3-BF4B-00C04F79EFBC}") = "AutofacFilterAsyncContextLoss", "AutofacFilterAsyncContextLoss\AutofacFilterAsyncContextLoss.csproj", "{120A6E4E-117A-4061-9699-CB941DF76EDF}"
EndProject
Global
	GlobalSection(SolutionConfigurationPlatforms) = preSolution
		Debug|Any CPU = Debug|Any CPU
		Release|Any CPU = Release|Any CPU
	EndGlobalSection
	GlobalSection(ProjectConfigurationPlatforms) = postSolution
		{120A6E4E-117A-4061-9699-CB941DF76EDF}.Debug|Any CPU.ActiveCfg = Debug|Any CPU
		{120A6E4E-117A-4061-9699-CB941DF76EDF}.Debug|Any CPU.Build.0 = Debug|Any CPU
		{120A6E4E-117A-4061-9699-CB941DF76EDF}.Release|Any CPU.ActiveCfg = Release|Any CPU
		{120A6E4E-117A-4061-9699-CB941DF76EDF}.Release|Any CPU.Build.0 = Release|Any CPU
	EndGlobalSection
	GlobalSection(SolutionProperties) = preSolution
		HideSolutionNode = FALSE
	EndGlobalSection
	GlobalSection(ExtensibilityGlobals) = postSolution
		SolutionGuid = {29BC057E-053B-41FD-9055-4C66B130F90F}
	EndGlobalSection
EndGlobal
